
Microsoft Visual Studio Solution File, Format Version 11.00
# Visual Studio 2010
Project("{FAE04EC0-301F-11D3-BF4B-00C04F79EFBC}") = "Licenta Compilator", "Licenta Compilator\Licenta Compilator.csproj", "{ABFEBD8A-AA7E-41C2-819E-655588A1B98B}"
EndProject
Project("{FAE04EC0-301F-11D3-BF4B-00C04F79EFBC}") = "WcfRestService1", "WcfRestService1\WcfRestService1.csproj", "{821502DA-A20B-4DDA-BA71-39A06442518B}"
EndProject
Global
	GlobalSection(SolutionConfigurationPlatforms) = preSolution
		Debug|Any CPU = Debug|Any CPU
		Debug|Mixed Platforms = Debug|Mixed Platforms
		Debug|x86 = Debug|x86
		Release|Any CPU = Release|Any CPU
		Release|Mixed Platforms = Release|Mixed Platforms
		Release|x86 = Release|x86
	EndGlobalSection
	GlobalSection(ProjectConfigurationPlatforms) = postSolution
		{ABFEBD8A-AA7E-41C2-819E-655588A1B98B}.Debug|Any CPU.ActiveCfg = Debug|x86
		{ABFEBD8A-AA7E-41C2-819E-655588A1B98B}.Debug|Mixed Platforms.ActiveCfg = Debug|x86
		{ABFEBD8A-AA7E-41C2-819E-655588A1B98B}.Debug|Mixed Platforms.Build.0 = Debug|x86
		{ABFEBD8A-AA7E-41C2-819E-655588A1B98B}.Debug|x86.ActiveCfg = Debug|x86
		{ABFEBD8A-AA7E-41C2-819E-655588A1B98B}.Debug|x86.Build.0 = Debug|x86
		{ABFEBD8A-AA7E-41C2-819E-655588A1B98B}.Release|Any CPU.ActiveCfg = Release|x86
		{ABFEBD8A-AA7E-41C2-819E-655588A1B98B}.Release|Mixed Platforms.ActiveCfg = Release|x86
		{ABFEBD8A-AA7E-41C2-819E-655588A1B98B}.Release|Mixed Platforms.Build.0 = Release|x86
		{ABFEBD8A-AA7E-41C2-819E-655588A1B98B}.Release|x86.ActiveCfg = Release|x86
		{ABFEBD8A-AA7E-41C2-819E-655588A1B98B}.Release|x86.Build.0 = Release|x86
		{821502DA-A20B-4DDA-BA71-39A06442518B}.Debug|Any CPU.ActiveCfg = Debug|Any CPU
		{821502DA-A20B-4DDA-BA71-39A06442518B}.Debug|Any CPU.Build.0 = Debug|Any CPU
		{821502DA-A20B-4DDA-BA71-39A06442518B}.Debug|Mixed Platforms.ActiveCfg = Debug|Any CPU
		{821502DA-A20B-4DDA-BA71-39A06442518B}.Debug|Mixed Platforms.Build.0 = Debug|Any CPU
		{821502DA-A20B-4DDA-BA71-39A06442518B}.Debug|x86.ActiveCfg = Debug|Any CPU
		{821502DA-A20B-4DDA-BA71-39A06442518B}.Release|Any CPU.ActiveCfg = Release|Any CPU
		{821502DA-A20B-4DDA-BA71-39A06442518B}.Release|Any CPU.Build.0 = Release|Any CPU
		{821502DA-A20B-4DDA-BA71-39A06442518B}.Release|Mixed Platforms.ActiveCfg = Release|Any CPU
		{821502DA-A20B-4DDA-BA71-39A06442518B}.Release|Mixed Platforms.Build.0 = Release|Any CPU
		{821502DA-A20B-4DDA-BA71-39A06442518B}.Release|x86.ActiveCfg = Release|Any CPU
	EndGlobalSection
	GlobalSection(SolutionProperties) = preSolution
		HideSolutionNode = FALSE
	EndGlobalSection
EndGlobal
